{
  "name": "test-esbuild",
  "version": "1.0.0",
  "lockfileVersion": 3,
  "requires": true,
  "packages": {
    "": {
      "name": "test-esbuild",
      "version": "1.0.0",
      "license": "ISC",
      "dependencies": {
        "esbuild-wasm": "^0.24.2"
      }
    },
    "node_modules/esbuild-wasm": {
      "version": "0.24.2",
      "resolved": "https://registry.npmjs.org/esbuild-wasm/-/esbuild-wasm-0.24.2.tgz",
      "integrity": "sha512-03/7Z1gD+ohDnScFztvI4XddTAbKVmMEzCvvkBpQdWKEXJ+73dTyeNrmdxP1Q0zpDMFjzUJwtK4rLjqwiHbzkw==",
      "license": "MIT",
      "bin": {
        "esbuild": "bin/esbuild"
      },
      "engines": {
        "node": ">=18"
      }
    }
  }
}
